
Microsoft Visual Studio Solution File, Format Version 12.00
# Visual Studio Version 17
VisualStudioVersion = 17.6.33829.357
MinimumVisualStudioVersion = 10.0.40219.1
Project("{FAE04EC0-301F-11D3-BF4B-00C04F79EFBC}") = "InformationSystem", "InformationSystem\InformationSystem.csproj", "{B8058D20-D1AC-4D5E-9B25-3E45FC4BDCA2}"
EndProject
Global
	GlobalSection(SolutionConfigurationPlatforms) = preSolution
		Debug|Any CPU = Debug|Any CPU
		Release|Any CPU = Release|Any CPU
	EndGlobalSection
	GlobalSection(ProjectConfigurationPlatforms) = postSolution
		{B8058D20-D1AC-4D5E-9B25-3E45FC4BDCA2}.Debug|Any CPU.ActiveCfg = Debug|Any CPU
		{B8058D20-D1AC-4D5E-9B25-3E45FC4BDCA2}.Debug|Any CPU.Build.0 = Debug|Any CPU
		{B8058D20-D1AC-4D5E-9B25-3E45FC4BDCA2}.Release|Any CPU.ActiveCfg = Release|Any CPU
		{B8058D20-D1AC-4D5E-9B25-3E45FC4BDCA2}.Release|Any CPU.Build.0 = Release|Any CPU
	EndGlobalSection
	GlobalSection(SolutionProperties) = preSolution
		HideSolutionNode = FALSE
	EndGlobalSection
	GlobalSection(ExtensibilityGlobals) = postSolution
		SolutionGuid = {760FAB0E-65DA-4B62-B27F-4A23B7B77D64}
	EndGlobalSection
EndGlobal
